
Microsoft Visual Studio Solution File, Format Version 12.00
# Visual Studio Version 16
VisualStudioVersion = 16.0.32413.511
MinimumVisualStudioVersion = 10.0.40219.1
Project("{FAE04EC0-301F-11D3-BF4B-00C04F79EFBC}") = "EDDiscovery", "EDDiscovery\EDDiscovery.csproj", "{6EE10D92-E3E4-44D9-8E6B-851801B0B510}"
	ProjectSection(ProjectDependencies) = postProject
		{59F99A05-CE16-4FB8-BE99-F1A24F019CB8} = {59F99A05-CE16-4FB8-BE99-F1A24F019CB8}
		{2049403F-F4C7-45E6-B777-6390C78E4D2B} = {2049403F-F4C7-45E6-B777-6390C78E4D2B}
		{17F82244-9FA8-4B04-85F0-9B1D0654CD26} = {17F82244-9FA8-4B04-85F0-9B1D0654CD26}
		{390B1547-A455-45E3-974F-E1F9B1613AD5} = {390B1547-A455-45E3-974F-E1F9B1613AD5}
		{C657C881-F3E1-45BA-ACA5-966348010414} = {C657C881-F3E1-45BA-ACA5-966348010414}
	EndProjectSection
EndProject
Project("{FAE04EC0-301F-11D3-BF4B-00C04F79EFBC}") = "EDDIcons", "EDDIcons\EDDIcons.csproj", "{646F71BE-F102-444E-9254-818E5A320AB8}"
EndProject
Project("{FAE04EC0-301F-11D3-BF4B-00C04F79EFBC}") = "ActionLanguage", "ActionLanguage\ActionLanguage\ActionLanguage.csproj", "{17F82244-9FA8-4B04-85F0-9B1D0654CD26}"
EndProject
Project("{FAE04EC0-301F-11D3-BF4B-00C04F79EFBC}") = "Audio", "BaseUtilities\Audio\Audio.csproj", "{59F99A05-CE16-4FB8-BE99-F1A24F019CB8}"
EndProject
Project("{FAE04EC0-301F-11D3-BF4B-00C04F79EFBC}") = "BaseUtils", "BaseUtilities\BaseUtilities\BaseUtils.csproj", "{C657C881-F3E1-45BA-ACA5-966348010414}"
EndProject
Project("{FAE04EC0-301F-11D3-BF4B-00C04F79EFBC}") = "DirectInput", "BaseUtilities\DirectInput\DirectInput.csproj", "{390B1547-A455-45E3-974F-E1F9B1613AD5}"
EndProject
Project("{FAE04EC0-301F-11D3-BF4B-00C04F79EFBC}") = "ExtendedControls", "ExtendedControls\ExtendedControls\ExtendedControls.csproj", "{2049403F-F4C7-45E6-B777-6390C78E4D2B}"
EndProject
Project("{FAE04EC0-301F-11D3-BF4B-00C04F79EFBC}") = "ExtendedForms", "ExtendedControls\ExtendedForms\ExtendedForms.csproj", "{298C11C9-B58F-415C-8458-1CAE3C6CAB62}"
EndProject
Project("{FAE04EC0-301F-11D3-BF4B-00C04F79EFBC}") = "SQLLite", "BaseUtilities\SQLLite\SQLLite.csproj", "{3D79DE63-5EEC-4F30-A879-FB4C6BA4B2DC}"
EndProject
Project("{FAE04EC0-301F-11D3-BF4B-00C04F79EFBC}") = "EliteDangerous", "EliteDangerousCore\EliteDangerous\EliteDangerous.csproj", "{019917A4-7342-4F67-8AAF-9E20C016A935}"
EndProject
Project("{FAE04EC0-301F-11D3-BF4B-00C04F79EFBC}") = "EDDDLLInterfaces", "EliteDangerousCore\EDDDLLInterfaces\EDDDLLInterfaces.csproj", "{829041B1-D4A5-48D9-8260-B5EEFF28BCD8}"
EndProject
Project("{FAE04EC0-301F-11D3-BF4B-00C04F79EFBC}") = "CAPI", "CAPI\CAPI\CAPI.csproj", "{465C72D9-F10B-4CC6-A5DC-16ED65881655}"
EndProject
Global
	GlobalSection(SolutionConfigurationPlatforms) = preSolution
		Debug|Any CPU = Debug|Any CPU
		Debug|x64 = Debug|x64
		Debug|x86 = Debug|x86
		Release|Any CPU = Release|Any CPU
		Release|x64 = Release|x64
		Release|x86 = Release|x86
	EndGlobalSection
	GlobalSection(ProjectConfigurationPlatforms) = postSolution
		{6EE10D92-E3E4-44D9-8E6B-851801B0B510}.Debug|Any CPU.ActiveCfg = Debug|Any CPU
		{6EE10D92-E3E4-44D9-8E6B-851801B0B510}.Debug|Any CPU.Build.0 = Debug|Any CPU
		{6EE10D92-E3E4-44D9-8E6B-851801B0B510}.Debug|x64.ActiveCfg = Debug|x64
		{6EE10D92-E3E4-44D9-8E6B-851801B0B510}.Debug|x64.Build.0 = Debug|x64
		{6EE10D92-E3E4-44D9-8E6B-851801B0B510}.Debug|x86.ActiveCfg = Debug|x86
		{6EE10D92-E3E4-44D9-8E6B-851801B0B510}.Debug|x86.Build.0 = Debug|x86
		{6EE10D92-E3E4-44D9-8E6B-851801B0B510}.Release|Any CPU.ActiveCfg = Release|Any CPU
		{6EE10D92-E3E4-44D9-8E6B-851801B0B510}.Release|Any CPU.Build.0 = Release|Any CPU
		{6EE10D92-E3E4-44D9-8E6B-851801B0B510}.Release|x64.ActiveCfg = Release|x64
		{6EE10D92-E3E4-44D9-8E6B-851801B0B510}.Release|x64.Build.0 = Release|x64
		{6EE10D92-E3E4-44D9-8E6B-851801B0B510}.Release|x86.ActiveCfg = Release|x86
		{6EE10D92-E3E4-44D9-8E6B-851801B0B510}.Release|x86.Build.0 = Release|x86
		{646F71BE-F102-444E-9254-818E5A320AB8}.Debug|Any CPU.ActiveCfg = Debug|Any CPU
		{646F71BE-F102-444E-9254-818E5A320AB8}.Debug|Any CPU.Build.0 = Debug|Any CPU
		{646F71BE-F102-444E-9254-818E5A320AB8}.Debug|x64.ActiveCfg = Debug|Any CPU
		{646F71BE-F102-444E-9254-818E5A320AB8}.Debug|x64.Build.0 = Debug|Any CPU
		{646F71BE-F102-444E-9254-818E5A320AB8}.Debug|x86.ActiveCfg = Debug|Any CPU
		{646F71BE-F102-444E-9254-818E5A320AB8}.Debug|x86.Build.0 = Debug|Any CPU
		{646F71BE-F102-444E-9254-818E5A320AB8}.Release|Any CPU.ActiveCfg = Release|Any CPU
		{646F71BE-F102-444E-9254-818E5A320AB8}.Release|Any CPU.Build.0 = Release|Any CPU
		{646F71BE-F102-444E-9254-818E5A320AB8}.Release|x64.ActiveCfg = Release|Any CPU
		{646F71BE-F102-444E-9254-818E5A320AB8}.Release|x64.Build.0 = Release|Any CPU
		{646F71BE-F102-444E-9254-818E5A320AB8}.Release|x86.ActiveCfg = Release|Any CPU
		{646F71BE-F102-444E-9254-818E5A320AB8}.Release|x86.Build.0 = Release|Any CPU
		{17F82244-9FA8-4B04-85F0-9B1D0654CD26}.Debug|Any CPU.ActiveCfg = Debug|Any CPU
		{17F82244-9FA8-4B04-85F0-9B1D0654CD26}.Debug|Any CPU.Build.0 = Debug|Any CPU
		{17F82244-9FA8-4B04-85F0-9B1D0654CD26}.Debug|x64.ActiveCfg = Debug|Any CPU
		{17F82244-9FA8-4B04-85F0-9B1D0654CD26}.Debug|x64.Build.0 = Debug|Any CPU
		{17F82244-9FA8-4B04-85F0-9B1D0654CD26}.Debug|x86.ActiveCfg = Debug|Any CPU
		{17F82244-9FA8-4B04-85F0-9B1D0654CD26}.Debug|x86.Build.0 = Debug|Any CPU
		{17F82244-9FA8-4B04-85F0-9B1D0654CD26}.Release|Any CPU.ActiveCfg = Release|Any CPU
		{17F82244-9FA8-4B04-85F0-9B1D0654CD26}.Release|Any CPU.Build.0 = Release|Any CPU
		{17F82244-9FA8-4B04-85F0-9B1D0654CD26}.Release|x64.ActiveCfg = Release|Any CPU
		{17F82244-9FA8-4B04-85F0-9B1D0654CD26}.Release|x64.Build.0 = Release|Any CPU
		{17F82244-9FA8-4B04-85F0-9B1D0654CD26}.Release|x86.ActiveCfg = Release|Any CPU
		{17F82244-9FA8-4B04-85F0-9B1D0654CD26}.Release|x86.Build.0 = Release|Any CPU
		{59F99A05-CE16-4FB8-BE99-F1A24F019CB8}.Debug|Any CPU.ActiveCfg = Debug|Any CPU
		{59F99A05-CE16-4FB8-BE99-F1A24F019CB8}.Debug|Any CPU.Build.0 = Debug|Any CPU
		{59F99A05-CE16-4FB8-BE99-F1A24F019CB8}.Debug|x64.ActiveCfg = Debug|Any CPU
		{59F99A05-CE16-4FB8-BE99-F1A24F019CB8}.Debug|x64.Build.0 = Debug|Any CPU
		{59F99A05-CE16-4FB8-BE99-F1A24F019CB8}.Debug|x86.ActiveCfg = Debug|Any CPU
		{59F99A05-CE16-4FB8-BE99-F1A24F019CB8}.Debug|x86.Build.0 = Debug|Any CPU
		{59F99A05-CE16-4FB8-BE99-F1A24F019CB8}.Release|Any CPU.ActiveCfg = Release|Any CPU
		{59F99A05-CE16-4FB8-BE99-F1A24F019CB8}.Release|Any CPU.Build.0 = Release|Any CPU
		{59F99A05-CE16-4FB8-BE99-F1A24F019CB8}.Release|x64.ActiveCfg = Release|Any CPU
		{59F99A05-CE16-4FB8-BE99-F1A24F019CB8}.Release|x64.Build.0 = Release|Any CPU
		{59F99A05-CE16-4FB8-BE99-F1A24F019CB8}.Release|x86.ActiveCfg = Release|Any CPU
		{59F99A05-CE16-4FB8-BE99-F1A24F019CB8}.Release|x86.Build.0 = Release|Any CPU
		{C657C881-F3E1-45BA-ACA5-966348010414}.Debug|Any CPU.ActiveCfg = Debug|Any CPU
		{C657C881-F3E1-45BA-ACA5-966348010414}.Debug|Any CPU.Build.0 = Debug|Any CPU
		{C657C881-F3E1-45BA-ACA5-966348010414}.Debug|x64.ActiveCfg = Debug|Any CPU
		{C657C881-F3E1-45BA-ACA5-966348010414}.Debug|x64.Build.0 = Debug|Any CPU
		{C657C881-F3E1-45BA-ACA5-966348010414}.Debug|x86.ActiveCfg = Debug|Any CPU
		{C657C881-F3E1-45BA-ACA5-966348010414}.Debug|x86.Build.0 = Debug|Any CPU
		{C657C881-F3E1-45BA-ACA5-966348010414}.Release|Any CPU.ActiveCfg = Release|Any CPU
		{C657C881-F3E1-45BA-ACA5-966348010414}.Release|Any CPU.Build.0 = Release|Any CPU
		{C657C881-F3E1-45BA-ACA5-966348010414}.Release|x64.ActiveCfg = Release|Any CPU
		{C657C881-F3E1-45BA-ACA5-966348010414}.Release|x64.Build.0 = Release|Any CPU
		{C657C881-F3E1-45BA-ACA5-966348010414}.Release|x86.ActiveCfg = Release|Any CPU
		{C657C881-F3E1-45BA-ACA5-966348010414}.Release|x86.Build.0 = Release|Any CPU
		{390B1547-A455-45E3-974F-E1F9B1613AD5}.Debug|Any CPU.ActiveCfg = Debug|Any CPU
		{390B1547-A455-45E3-974F-E1F9B1613AD5}.Debug|Any CPU.Build.0 = Debug|Any CPU
		{390B1547-A455-45E3-974F-E1F9B1613AD5}.Debug|x64.ActiveCfg = Debug|Any CPU
		{390B1547-A455-45E3-974F-E1F9B1613AD5}.Debug|x64.Build.0 = Debug|Any CPU
		{390B1547-A455-45E3-974F-E1F9B1613AD5}.Debug|x86.ActiveCfg = Debug|Any CPU
		{390B1547-A455-45E3-974F-E1F9B1613AD5}.Debug|x86.Build.0 = Debug|Any CPU
		{390B1547-A455-45E3-974F-E1F9B1613AD5}.Release|Any CPU.ActiveCfg = Release|Any CPU
		{390B1547-A455-45E3-974F-E1F9B1613AD5}.Release|Any CPU.Build.0 = Release|Any CPU
		{390B1547-A455-45E3-974F-E1F9B1613AD5}.Release|x64.ActiveCfg = Release|Any CPU
		{390B1547-A455-45E3-974F-E1F9B1613AD5}.Release|x64.Build.0 = Release|Any CPU
		{390B1547-A455-45E3-974F-E1F9B1613AD5}.Release|x86.ActiveCfg = Release|Any CPU
		{390B1547-A455-45E3-974F-E1F9B1613AD5}.Release|x86.Build.0 = Release|Any CPU
		{2049403F-F4C7-45E6-B777-6390C78E4D2B}.Debug|Any CPU.ActiveCfg = Debug|Any CPU
		{2049403F-F4C7-45E6-B777-6390C78E4D2B}.Debug|Any CPU.Build.0 = Debug|Any CPU
		{2049403F-F4C7-45E6-B777-6390C78E4D2B}.Debug|x64.ActiveCfg = Debug|Any CPU
		{2049403F-F4C7-45E6-B777-6390C78E4D2B}.Debug|x64.Build.0 = Debug|Any CPU
		{2049403F-F4C7-45E6-B777-6390C78E4D2B}.Debug|x86.ActiveCfg = Debug|Any CPU
		{2049403F-F4C7-45E6-B777-6390C78E4D2B}.Debug|x86.Build.0 = Debug|Any CPU
		{2049403F-F4C7-45E6-B777-6390C78E4D2B}.Release|Any CPU.ActiveCfg = Release|Any CPU
		{2049403F-F4C7-45E6-B777-6390C78E4D2B}.Release|Any CPU.Build.0 = Release|Any CPU
		{2049403F-F4C7-45E6-B777-6390C78E4D2B}.Release|x64.ActiveCfg = Release|Any CPU
		{2049403F-F4C7-45E6-B777-6390C78E4D2B}.Release|x64.Build.0 = Release|Any CPU
		{2049403F-F4C7-45E6-B777-6390C78E4D2B}.Release|x86.ActiveCfg = Release|Any CPU
		{2049403F-F4C7-45E6-B777-6390C78E4D2B}.Release|x86.Build.0 = Release|Any CPU
		{298C11C9-B58F-415C-8458-1CAE3C6CAB62}.Debug|Any CPU.ActiveCfg = Debug|Any CPU
		{298C11C9-B58F-415C-8458-1CAE3C6CAB62}.Debug|Any CPU.Build.0 = Debug|Any CPU
		{298C11C9-B58F-415C-8458-1CAE3C6CAB62}.Debug|x64.ActiveCfg = Debug|Any CPU
		{298C11C9-B58F-415C-8458-1CAE3C6CAB62}.Debug|x64.Build.0 = Debug|Any CPU
		{298C11C9-B58F-415C-8458-1CAE3C6CAB62}.Debug|x86.ActiveCfg = Debug|Any CPU
		{298C11C9-B58F-415C-8458-1CAE3C6CAB62}.Debug|x86.Build.0 = Debug|Any CPU
		{298C11C9-B58F-415C-8458-1CAE3C6CAB62}.Release|Any CPU.ActiveCfg = Release|Any CPU
		{298C11C9-B58F-415C-8458-1CAE3C6CAB62}.Release|Any CPU.Build.0 = Release|Any CPU
		{298C11C9-B58F-415C-8458-1CAE3C6CAB62}.Release|x64.ActiveCfg = Release|Any CPU
		{298C11C9-B58F-415C-8458-1CAE3C6CAB62}.Release|x64.Build.0 = Release|Any CPU
		{298C11C9-B58F-415C-8458-1CAE3C6CAB62}.Release|x86.ActiveCfg = Release|Any CPU
		{298C11C9-B58F-415C-8458-1CAE3C6CAB62}.Release|x86.Build.0 = Release|Any CPU
		{3D79DE63-5EEC-4F30-A879-FB4C6BA4B2DC}.Debug|Any CPU.ActiveCfg = Debug|Any CPU
		{3D79DE63-5EEC-4F30-A879-FB4C6BA4B2DC}.Debug|Any CPU.Build.0 = Debug|Any CPU
		{3D79DE63-5EEC-4F30-A879-FB4C6BA4B2DC}.Debug|x64.ActiveCfg = Debug|Any CPU
		{3D79DE63-5EEC-4F30-A879-FB4C6BA4B2DC}.Debug|x64.Build.0 = Debug|Any CPU
		{3D79DE63-5EEC-4F30-A879-FB4C6BA4B2DC}.Debug|x86.ActiveCfg = Debug|Any CPU
		{3D79DE63-5EEC-4F30-A879-FB4C6BA4B2DC}.Debug|x86.Build.0 = Debug|Any CPU
		{3D79DE63-5EEC-4F30-A879-FB4C6BA4B2DC}.Release|Any CPU.ActiveCfg = Release|Any CPU
		{3D79DE63-5EEC-4F30-A879-FB4C6BA4B2DC}.Release|Any CPU.Build.0 = Release|Any CPU
		{3D79DE63-5EEC-4F30-A879-FB4C6BA4B2DC}.Release|x64.ActiveCfg = Release|Any CPU
		{3D79DE63-5EEC-4F30-A879-FB4C6BA4B2DC}.Release|x64.Build.0 = Release|Any CPU
		{3D79DE63-5EEC-4F30-A879-FB4C6BA4B2DC}.Release|x86.ActiveCfg = Release|Any CPU
		{3D79DE63-5EEC-4F30-A879-FB4C6BA4B2DC}.Release|x86.Build.0 = Release|Any CPU
		{019917A4-7342-4F67-8AAF-9E20C016A935}.Debug|Any CPU.ActiveCfg = Debug|Any CPU
		{019917A4-7342-4F67-8AAF-9E20C016A935}.Debug|Any CPU.Build.0 = Debug|Any CPU
		{019917A4-7342-4F67-8AAF-9E20C016A935}.Debug|x64.ActiveCfg = Debug|Any CPU
		{019917A4-7342-4F67-8AAF-9E20C016A935}.Debug|x64.Build.0 = Debug|Any CPU
		{019917A4-7342-4F67-8AAF-9E20C016A935}.Debug|x86.ActiveCfg = Debug|Any CPU
		{019917A4-7342-4F67-8AAF-9E20C016A935}.Debug|x86.Build.0 = Debug|Any CPU
		{019917A4-7342-4F67-8AAF-9E20C016A935}.Release|Any CPU.ActiveCfg = Release|Any CPU
		{019917A4-7342-4F67-8AAF-9E20C016A935}.Release|Any CPU.Build.0 = Release|Any CPU
		{019917A4-7342-4F67-8AAF-9E20C016A935}.Release|x64.ActiveCfg = Release|Any CPU
		{019917A4-7342-4F67-8AAF-9E20C016A935}.Release|x64.Build.0 = Release|Any CPU
		{019917A4-7342-4F67-8AAF-9E20C016A935}.Release|x86.ActiveCfg = Release|Any CPU
		{019917A4-7342-4F67-8AAF-9E20C016A935}.Release|x86.Build.0 = Release|Any CPU
		{829041B1-D4A5-48D9-8260-B5EEFF28BCD8}.Debug|Any CPU.ActiveCfg = Debug|Any CPU
		{829041B1-D4A5-48D9-8260-B5EEFF28BCD8}.Debug|Any CPU.Build.0 = Debug|Any CPU
		{829041B1-D4A5-48D9-8260-B5EEFF28BCD8}.Debug|x64.ActiveCfg = Debug|Any CPU
		{829041B1-D4A5-48D9-8260-B5EEFF28BCD8}.Debug|x64.Build.0 = Debug|Any CPU
		{829041B1-D4A5-48D9-8260-B5EEFF28BCD8}.Debug|x86.ActiveCfg = Debug|Any CPU
		{829041B1-D4A5-48D9-8260-B5EEFF28BCD8}.Debug|x86.Build.0 = Debug|Any CPU
		{829041B1-D4A5-48D9-8260-B5EEFF28BCD8}.Release|Any CPU.ActiveCfg = Release|Any CPU
		{829041B1-D4A5-48D9-8260-B5EEFF28BCD8}.Release|Any CPU.Build.0 = Release|Any CPU
		{829041B1-D4A5-48D9-8260-B5EEFF28BCD8}.Release|x64.ActiveCfg = Release|Any CPU
		{829041B1-D4A5-48D9-8260-B5EEFF28BCD8}.Release|x64.Build.0 = Release|Any CPU
		{829041B1-D4A5-48D9-8260-B5EEFF28BCD8}.Release|x86.ActiveCfg = Release|Any CPU
		{829041B1-D4A5-48D9-8260-B5EEFF28BCD8}.Release|x86.Build.0 = Release|Any CPU
		{465C72D9-F10B-4CC6-A5DC-16ED65881655}.Debug|Any CPU.ActiveCfg = Debug|Any CPU
		{465C72D9-F10B-4CC6-A5DC-16ED65881655}.Debug|Any CPU.Build.0 = Debug|Any CPU
		{465C72D9-F10B-4CC6-A5DC-16ED65881655}.Debug|x64.ActiveCfg = Debug|Any CPU
		{465C72D9-F10B-4CC6-A5DC-16ED65881655}.Debug|x64.Build.0 = Debug|Any CPU
		{465C72D9-F10B-4CC6-A5DC-16ED65881655}.Debug|x86.ActiveCfg = Debug|Any CPU
		{465C72D9-F10B-4CC6-A5DC-16ED65881655}.Debug|x86.Build.0 = Debug|Any CPU
		{465C72D9-F10B-4CC6-A5DC-16ED65881655}.Release|Any CPU.ActiveCfg = Release|Any CPU
		{465C72D9-F10B-4CC6-A5DC-16ED65881655}.Release|Any CPU.Build.0 = Release|Any CPU
		{465C72D9-F10B-4CC6-A5DC-16ED65881655}.Release|x64.ActiveCfg = Release|Any CPU
		{465C72D9-F10B-4CC6-A5DC-16ED65881655}.Release|x64.Build.0 = Release|Any CPU
		{465C72D9-F10B-4CC6-A5DC-16ED65881655}.Release|x86.ActiveCfg = Release|Any CPU
		{465C72D9-F10B-4CC6-A5DC-16ED65881655}.Release|x86.Build.0 = Release|Any CPU
	EndGlobalSection
	GlobalSection(SolutionProperties) = preSolution
		HideSolutionNode = FALSE
	EndGlobalSection
	GlobalSection(ExtensibilityGlobals) = postSolution
		SolutionGuid = {830BBBE9-D379-4BA0-8425-FEB0B85DFA21}
	EndGlobalSection
EndGlobal
