
Microsoft Visual Studio Solution File, Format Version 12.00
# Visual Studio 15
VisualStudioVersion = 15.0.26403.7
MinimumVisualStudioVersion = 10.0.40219.1
Project("{FAE04EC0-301F-11D3-BF4B-00C04F79EFBC}") = "EDDiscovery", "EDDiscovery\EDDiscovery.csproj", "{6EE10D92-E3E4-44D9-8E6B-851801B0B510}"
	ProjectSection(ProjectDependencies) = postProject
		{59F99A05-CE16-4FB8-BE99-F1A24F019CB8} = {59F99A05-CE16-4FB8-BE99-F1A24F019CB8}
		{2049403F-F4C7-45E6-B777-6390C78E4D2B} = {2049403F-F4C7-45E6-B777-6390C78E4D2B}
		{17F82244-9FA8-4B04-85F0-9B1D0654CD26} = {17F82244-9FA8-4B04-85F0-9B1D0654CD26}
		{390B1547-A455-45E3-974F-E1F9B1613AD5} = {390B1547-A455-45E3-974F-E1F9B1613AD5}
		{C657C881-F3E1-45BA-ACA5-966348010414} = {C657C881-F3E1-45BA-ACA5-966348010414}
		{F76451E6-926D-4E03-B721-99FCD1EC4EED} = {F76451E6-926D-4E03-B721-99FCD1EC4EED}
	EndProjectSection
EndProject
Project("{FAE04EC0-301F-11D3-BF4B-00C04F79EFBC}") = "EDDiscoveryTests", "EDDiscoveryTests\EDDiscoveryTests.csproj", "{C4452886-6A1B-4AFD-9E76-AB0E5D8AABA5}"
EndProject
Project("{FAE04EC0-301F-11D3-BF4B-00C04F79EFBC}") = "Audio", "Audio\Audio.csproj", "{59F99A05-CE16-4FB8-BE99-F1A24F019CB8}"
	ProjectSection(ProjectDependencies) = postProject
		{2049403F-F4C7-45E6-B777-6390C78E4D2B} = {2049403F-F4C7-45E6-B777-6390C78E4D2B}
		{C657C881-F3E1-45BA-ACA5-966348010414} = {C657C881-F3E1-45BA-ACA5-966348010414}
		{F76451E6-926D-4E03-B721-99FCD1EC4EED} = {F76451E6-926D-4E03-B721-99FCD1EC4EED}
	EndProjectSection
EndProject
Project("{FAE04EC0-301F-11D3-BF4B-00C04F79EFBC}") = "BaseUtils", "BaseUtils\BaseUtils.csproj", "{C657C881-F3E1-45BA-ACA5-966348010414}"
EndProject
Project("{FAE04EC0-301F-11D3-BF4B-00C04F79EFBC}") = "ExtendedControls", "ExtendedControls\ExtendedControls.csproj", "{2049403F-F4C7-45E6-B777-6390C78E4D2B}"
EndProject
Project("{FAE04EC0-301F-11D3-BF4B-00C04F79EFBC}") = "ActionLanguage", "ActionLanguage\ActionLanguage.csproj", "{17F82244-9FA8-4B04-85F0-9B1D0654CD26}"
	ProjectSection(ProjectDependencies) = postProject
		{59F99A05-CE16-4FB8-BE99-F1A24F019CB8} = {59F99A05-CE16-4FB8-BE99-F1A24F019CB8}
		{2049403F-F4C7-45E6-B777-6390C78E4D2B} = {2049403F-F4C7-45E6-B777-6390C78E4D2B}
		{C657C881-F3E1-45BA-ACA5-966348010414} = {C657C881-F3E1-45BA-ACA5-966348010414}
		{F76451E6-926D-4E03-B721-99FCD1EC4EED} = {F76451E6-926D-4E03-B721-99FCD1EC4EED}
	EndProjectSection
EndProject
Project("{FAE04EC0-301F-11D3-BF4B-00C04F79EFBC}") = "Conditions", "Conditions\Conditions.csproj", "{F76451E6-926D-4E03-B721-99FCD1EC4EED}"
	ProjectSection(ProjectDependencies) = postProject
		{2049403F-F4C7-45E6-B777-6390C78E4D2B} = {2049403F-F4C7-45E6-B777-6390C78E4D2B}
	EndProjectSection
EndProject
Project("{FAE04EC0-301F-11D3-BF4B-00C04F79EFBC}") = "DirectInput", "DirectInput\DirectInput.csproj", "{390B1547-A455-45E3-974F-E1F9B1613AD5}"
EndProject
Project("{FAE04EC0-301F-11D3-BF4B-00C04F79EFBC}") = "TestExtendedControls", "TestExtendedControls\TestExtendedControls.csproj", "{00AA0CC9-BF55-4051-B6CD-849526AE8FAA}"
EndProject
Global
	GlobalSection(SolutionConfigurationPlatforms) = preSolution
		Debug|Any CPU = Debug|Any CPU
		Debug|x64 = Debug|x64
		Debug|x86 = Debug|x86
		Release|Any CPU = Release|Any CPU
		Release|x64 = Release|x64
		Release|x86 = Release|x86
	EndGlobalSection
	GlobalSection(ProjectConfigurationPlatforms) = postSolution
		{6EE10D92-E3E4-44D9-8E6B-851801B0B510}.Debug|Any CPU.ActiveCfg = Debug|Any CPU
		{6EE10D92-E3E4-44D9-8E6B-851801B0B510}.Debug|Any CPU.Build.0 = Debug|Any CPU
		{6EE10D92-E3E4-44D9-8E6B-851801B0B510}.Debug|x64.ActiveCfg = Debug|x64
		{6EE10D92-E3E4-44D9-8E6B-851801B0B510}.Debug|x64.Build.0 = Debug|x64
		{6EE10D92-E3E4-44D9-8E6B-851801B0B510}.Debug|x86.ActiveCfg = Debug|x86
		{6EE10D92-E3E4-44D9-8E6B-851801B0B510}.Debug|x86.Build.0 = Debug|x86
		{6EE10D92-E3E4-44D9-8E6B-851801B0B510}.Release|Any CPU.ActiveCfg = Release|Any CPU
		{6EE10D92-E3E4-44D9-8E6B-851801B0B510}.Release|Any CPU.Build.0 = Release|Any CPU
		{6EE10D92-E3E4-44D9-8E6B-851801B0B510}.Release|x64.ActiveCfg = Release|x64
		{6EE10D92-E3E4-44D9-8E6B-851801B0B510}.Release|x64.Build.0 = Release|x64
		{6EE10D92-E3E4-44D9-8E6B-851801B0B510}.Release|x86.ActiveCfg = Release|x86
		{6EE10D92-E3E4-44D9-8E6B-851801B0B510}.Release|x86.Build.0 = Release|x86
		{C4452886-6A1B-4AFD-9E76-AB0E5D8AABA5}.Debug|Any CPU.ActiveCfg = Debug|Any CPU
		{C4452886-6A1B-4AFD-9E76-AB0E5D8AABA5}.Debug|x64.ActiveCfg = Debug|x64
		{C4452886-6A1B-4AFD-9E76-AB0E5D8AABA5}.Debug|x64.Build.0 = Debug|x64
		{C4452886-6A1B-4AFD-9E76-AB0E5D8AABA5}.Debug|x86.ActiveCfg = Debug|x86
		{C4452886-6A1B-4AFD-9E76-AB0E5D8AABA5}.Release|Any CPU.ActiveCfg = Release|Any CPU
		{C4452886-6A1B-4AFD-9E76-AB0E5D8AABA5}.Release|Any CPU.Build.0 = Release|Any CPU
		{C4452886-6A1B-4AFD-9E76-AB0E5D8AABA5}.Release|x64.ActiveCfg = Release|x64
		{C4452886-6A1B-4AFD-9E76-AB0E5D8AABA5}.Release|x64.Build.0 = Release|x64
		{C4452886-6A1B-4AFD-9E76-AB0E5D8AABA5}.Release|x86.ActiveCfg = Release|x86
		{C4452886-6A1B-4AFD-9E76-AB0E5D8AABA5}.Release|x86.Build.0 = Release|x86
		{59F99A05-CE16-4FB8-BE99-F1A24F019CB8}.Debug|Any CPU.ActiveCfg = Debug|Any CPU
		{59F99A05-CE16-4FB8-BE99-F1A24F019CB8}.Debug|Any CPU.Build.0 = Debug|Any CPU
		{59F99A05-CE16-4FB8-BE99-F1A24F019CB8}.Debug|x64.ActiveCfg = Debug|Any CPU
		{59F99A05-CE16-4FB8-BE99-F1A24F019CB8}.Debug|x64.Build.0 = Debug|Any CPU
		{59F99A05-CE16-4FB8-BE99-F1A24F019CB8}.Debug|x86.ActiveCfg = Debug|Any CPU
		{59F99A05-CE16-4FB8-BE99-F1A24F019CB8}.Debug|x86.Build.0 = Debug|Any CPU
		{59F99A05-CE16-4FB8-BE99-F1A24F019CB8}.Release|Any CPU.ActiveCfg = Release|Any CPU
		{59F99A05-CE16-4FB8-BE99-F1A24F019CB8}.Release|Any CPU.Build.0 = Release|Any CPU
		{59F99A05-CE16-4FB8-BE99-F1A24F019CB8}.Release|x64.ActiveCfg = Release|Any CPU
		{59F99A05-CE16-4FB8-BE99-F1A24F019CB8}.Release|x64.Build.0 = Release|Any CPU
		{59F99A05-CE16-4FB8-BE99-F1A24F019CB8}.Release|x86.ActiveCfg = Release|Any CPU
		{59F99A05-CE16-4FB8-BE99-F1A24F019CB8}.Release|x86.Build.0 = Release|Any CPU
		{C657C881-F3E1-45BA-ACA5-966348010414}.Debug|Any CPU.ActiveCfg = Debug|Any CPU
		{C657C881-F3E1-45BA-ACA5-966348010414}.Debug|Any CPU.Build.0 = Debug|Any CPU
		{C657C881-F3E1-45BA-ACA5-966348010414}.Debug|x64.ActiveCfg = Debug|Any CPU
		{C657C881-F3E1-45BA-ACA5-966348010414}.Debug|x64.Build.0 = Debug|Any CPU
		{C657C881-F3E1-45BA-ACA5-966348010414}.Debug|x86.ActiveCfg = Debug|Any CPU
		{C657C881-F3E1-45BA-ACA5-966348010414}.Debug|x86.Build.0 = Debug|Any CPU
		{C657C881-F3E1-45BA-ACA5-966348010414}.Release|Any CPU.ActiveCfg = Release|Any CPU
		{C657C881-F3E1-45BA-ACA5-966348010414}.Release|Any CPU.Build.0 = Release|Any CPU
		{C657C881-F3E1-45BA-ACA5-966348010414}.Release|x64.ActiveCfg = Release|Any CPU
		{C657C881-F3E1-45BA-ACA5-966348010414}.Release|x64.Build.0 = Release|Any CPU
		{C657C881-F3E1-45BA-ACA5-966348010414}.Release|x86.ActiveCfg = Release|Any CPU
		{C657C881-F3E1-45BA-ACA5-966348010414}.Release|x86.Build.0 = Release|Any CPU
		{2049403F-F4C7-45E6-B777-6390C78E4D2B}.Debug|Any CPU.ActiveCfg = Debug|Any CPU
		{2049403F-F4C7-45E6-B777-6390C78E4D2B}.Debug|Any CPU.Build.0 = Debug|Any CPU
		{2049403F-F4C7-45E6-B777-6390C78E4D2B}.Debug|x64.ActiveCfg = Debug|Any CPU
		{2049403F-F4C7-45E6-B777-6390C78E4D2B}.Debug|x64.Build.0 = Debug|Any CPU
		{2049403F-F4C7-45E6-B777-6390C78E4D2B}.Debug|x86.ActiveCfg = Debug|Any CPU
		{2049403F-F4C7-45E6-B777-6390C78E4D2B}.Debug|x86.Build.0 = Debug|Any CPU
		{2049403F-F4C7-45E6-B777-6390C78E4D2B}.Release|Any CPU.ActiveCfg = Release|Any CPU
		{2049403F-F4C7-45E6-B777-6390C78E4D2B}.Release|Any CPU.Build.0 = Release|Any CPU
		{2049403F-F4C7-45E6-B777-6390C78E4D2B}.Release|x64.ActiveCfg = Release|Any CPU
		{2049403F-F4C7-45E6-B777-6390C78E4D2B}.Release|x64.Build.0 = Release|Any CPU
		{2049403F-F4C7-45E6-B777-6390C78E4D2B}.Release|x86.ActiveCfg = Release|Any CPU
		{2049403F-F4C7-45E6-B777-6390C78E4D2B}.Release|x86.Build.0 = Release|Any CPU
		{17F82244-9FA8-4B04-85F0-9B1D0654CD26}.Debug|Any CPU.ActiveCfg = Debug|Any CPU
		{17F82244-9FA8-4B04-85F0-9B1D0654CD26}.Debug|Any CPU.Build.0 = Debug|Any CPU
		{17F82244-9FA8-4B04-85F0-9B1D0654CD26}.Debug|x64.ActiveCfg = Debug|Any CPU
		{17F82244-9FA8-4B04-85F0-9B1D0654CD26}.Debug|x64.Build.0 = Debug|Any CPU
		{17F82244-9FA8-4B04-85F0-9B1D0654CD26}.Debug|x86.ActiveCfg = Debug|Any CPU
		{17F82244-9FA8-4B04-85F0-9B1D0654CD26}.Debug|x86.Build.0 = Debug|Any CPU
		{17F82244-9FA8-4B04-85F0-9B1D0654CD26}.Release|Any CPU.ActiveCfg = Release|Any CPU
		{17F82244-9FA8-4B04-85F0-9B1D0654CD26}.Release|Any CPU.Build.0 = Release|Any CPU
		{17F82244-9FA8-4B04-85F0-9B1D0654CD26}.Release|x64.ActiveCfg = Release|Any CPU
		{17F82244-9FA8-4B04-85F0-9B1D0654CD26}.Release|x64.Build.0 = Release|Any CPU
		{17F82244-9FA8-4B04-85F0-9B1D0654CD26}.Release|x86.ActiveCfg = Release|Any CPU
		{17F82244-9FA8-4B04-85F0-9B1D0654CD26}.Release|x86.Build.0 = Release|Any CPU
		{F76451E6-926D-4E03-B721-99FCD1EC4EED}.Debug|Any CPU.ActiveCfg = Debug|Any CPU
		{F76451E6-926D-4E03-B721-99FCD1EC4EED}.Debug|Any CPU.Build.0 = Debug|Any CPU
		{F76451E6-926D-4E03-B721-99FCD1EC4EED}.Debug|x64.ActiveCfg = Debug|Any CPU
		{F76451E6-926D-4E03-B721-99FCD1EC4EED}.Debug|x64.Build.0 = Debug|Any CPU
		{F76451E6-926D-4E03-B721-99FCD1EC4EED}.Debug|x86.ActiveCfg = Debug|Any CPU
		{F76451E6-926D-4E03-B721-99FCD1EC4EED}.Debug|x86.Build.0 = Debug|Any CPU
		{F76451E6-926D-4E03-B721-99FCD1EC4EED}.Release|Any CPU.ActiveCfg = Release|Any CPU
		{F76451E6-926D-4E03-B721-99FCD1EC4EED}.Release|Any CPU.Build.0 = Release|Any CPU
		{F76451E6-926D-4E03-B721-99FCD1EC4EED}.Release|x64.ActiveCfg = Release|Any CPU
		{F76451E6-926D-4E03-B721-99FCD1EC4EED}.Release|x64.Build.0 = Release|Any CPU
		{F76451E6-926D-4E03-B721-99FCD1EC4EED}.Release|x86.ActiveCfg = Release|Any CPU
		{F76451E6-926D-4E03-B721-99FCD1EC4EED}.Release|x86.Build.0 = Release|Any CPU
		{390B1547-A455-45E3-974F-E1F9B1613AD5}.Debug|Any CPU.ActiveCfg = Debug|Any CPU
		{390B1547-A455-45E3-974F-E1F9B1613AD5}.Debug|Any CPU.Build.0 = Debug|Any CPU
		{390B1547-A455-45E3-974F-E1F9B1613AD5}.Debug|x64.ActiveCfg = Debug|Any CPU
		{390B1547-A455-45E3-974F-E1F9B1613AD5}.Debug|x64.Build.0 = Debug|Any CPU
		{390B1547-A455-45E3-974F-E1F9B1613AD5}.Debug|x86.ActiveCfg = Debug|Any CPU
		{390B1547-A455-45E3-974F-E1F9B1613AD5}.Debug|x86.Build.0 = Debug|Any CPU
		{390B1547-A455-45E3-974F-E1F9B1613AD5}.Release|Any CPU.ActiveCfg = Release|Any CPU
		{390B1547-A455-45E3-974F-E1F9B1613AD5}.Release|Any CPU.Build.0 = Release|Any CPU
		{390B1547-A455-45E3-974F-E1F9B1613AD5}.Release|x64.ActiveCfg = Release|Any CPU
		{390B1547-A455-45E3-974F-E1F9B1613AD5}.Release|x64.Build.0 = Release|Any CPU
		{390B1547-A455-45E3-974F-E1F9B1613AD5}.Release|x86.ActiveCfg = Release|Any CPU
		{390B1547-A455-45E3-974F-E1F9B1613AD5}.Release|x86.Build.0 = Release|Any CPU
		{00AA0CC9-BF55-4051-B6CD-849526AE8FAA}.Debug|Any CPU.ActiveCfg = Debug|Any CPU
		{00AA0CC9-BF55-4051-B6CD-849526AE8FAA}.Debug|Any CPU.Build.0 = Debug|Any CPU
		{00AA0CC9-BF55-4051-B6CD-849526AE8FAA}.Debug|x64.ActiveCfg = Debug|Any CPU
		{00AA0CC9-BF55-4051-B6CD-849526AE8FAA}.Debug|x64.Build.0 = Debug|Any CPU
		{00AA0CC9-BF55-4051-B6CD-849526AE8FAA}.Debug|x86.ActiveCfg = Debug|Any CPU
		{00AA0CC9-BF55-4051-B6CD-849526AE8FAA}.Debug|x86.Build.0 = Debug|Any CPU
		{00AA0CC9-BF55-4051-B6CD-849526AE8FAA}.Release|Any CPU.ActiveCfg = Release|Any CPU
		{00AA0CC9-BF55-4051-B6CD-849526AE8FAA}.Release|Any CPU.Build.0 = Release|Any CPU
		{00AA0CC9-BF55-4051-B6CD-849526AE8FAA}.Release|x64.ActiveCfg = Release|Any CPU
		{00AA0CC9-BF55-4051-B6CD-849526AE8FAA}.Release|x64.Build.0 = Release|Any CPU
		{00AA0CC9-BF55-4051-B6CD-849526AE8FAA}.Release|x86.ActiveCfg = Release|Any CPU
		{00AA0CC9-BF55-4051-B6CD-849526AE8FAA}.Release|x86.Build.0 = Release|Any CPU
	EndGlobalSection
	GlobalSection(SolutionProperties) = preSolution
		HideSolutionNode = FALSE
	EndGlobalSection
EndGlobal
