
Microsoft Visual Studio Solution File, Format Version 12.00
# Visual Studio 15
VisualStudioVersion = 15.0.28307.421
MinimumVisualStudioVersion = 10.0.40219.1
Project("{E24C65DC-7377-472B-9ABA-BC803B73C61A}") = "EDD", "EDD\", "{7EDEA192-95DB-46F6-995B-A643B44F9289}"
	ProjectSection(WebsiteProperties) = preProject
		TargetFrameworkMoniker = ".NETFramework,Version%3Dv4.6"
		Debug.AspNetCompiler.VirtualPath = "/localhost_63828"
		Debug.AspNetCompiler.PhysicalPath = "EDD\"
		Debug.AspNetCompiler.TargetPath = "PrecompiledWeb\localhost_63828\"
		Debug.AspNetCompiler.Updateable = "true"
		Debug.AspNetCompiler.ForceOverwrite = "true"
		Debug.AspNetCompiler.FixedNames = "false"
		Debug.AspNetCompiler.Debug = "True"
		Release.AspNetCompiler.VirtualPath = "/localhost_63828"
		Release.AspNetCompiler.PhysicalPath = "EDD\"
		Release.AspNetCompiler.TargetPath = "PrecompiledWeb\localhost_63828\"
		Release.AspNetCompiler.Updateable = "true"
		Release.AspNetCompiler.ForceOverwrite = "true"
		Release.AspNetCompiler.FixedNames = "false"
		Release.AspNetCompiler.Debug = "False"
		VWDPort = "63828"
		SlnRelativePath = "EDD\"
	EndProjectSection
EndProject
Global
	GlobalSection(SolutionConfigurationPlatforms) = preSolution
		Debug|Any CPU = Debug|Any CPU
	EndGlobalSection
	GlobalSection(ProjectConfigurationPlatforms) = postSolution
		{7EDEA192-95DB-46F6-995B-A643B44F9289}.Debug|Any CPU.ActiveCfg = Debug|Any CPU
		{7EDEA192-95DB-46F6-995B-A643B44F9289}.Debug|Any CPU.Build.0 = Debug|Any CPU
	EndGlobalSection
	GlobalSection(SolutionProperties) = preSolution
		HideSolutionNode = FALSE
	EndGlobalSection
	GlobalSection(ExtensibilityGlobals) = postSolution
		SolutionGuid = {4EBFF0DE-75F2-48FB-A5D4-F5457215F132}
	EndGlobalSection
EndGlobal
